// !$*UTF8*$!
{
	archiveVersion = 1;
	classes = {
	};
	objectVersion = 46;
	objects = {

/* Begin PBXBuildFile section */
		7E69F1A11BBF59D300367B0A /* main.m in Sources */ = {isa = PBXBuildFile; fileRef = 7E69F1A01BBF59D300367B0A /* main.m */; };
		7E69F1A41BBF59D300367B0A /* AppDelegate.m in Sources */ = {isa = PBXBuildFile; fileRef = 7E69F1A31BBF59D300367B0A /* AppDelegate.m */; };
		7E69F1A71BBF59D300367B0A /* NoteListViewController.m in Sources */ = {isa = PBXBuildFile; fileRef = 7E69F1A61BBF59D300367B0A /* NoteListViewController.m */; };
		7E69F1AA1BBF59D300367B0A /* Main.storyboard in Resources */ = {isa = PBXBuildFile; fileRef = 7E69F1A81BBF59D300367B0A /* Main.storyboard */; };
		7E69F1AC1BBF59D300367B0A /* Images.xcassets in Resources */ = {isa = PBXBuildFile; fileRef = 7E69F1AB1BBF59D300367B0A /* Images.xcassets */; };
		7E69F1AF1BBF59D300367B0A /* LaunchScreen.xib in Resources */ = {isa = PBXBuildFile; fileRef = 7E69F1AD1BBF59D300367B0A /* LaunchScreen.xib */; };
		7E69F1C91BBF5A8800367B0A /* NoteDetailViewController.m in Sources */ = {isa = PBXBuildFile; fileRef = 7E69F1C71BBF5A8800367B0A /* NoteDetailViewController.m */; };
		7E69F1CC1BBF5CCD00367B0A /* Note.m in Sources */ = {isa = PBXBuildFile; fileRef = 7E69F1CB1BBF5CCD00367B0A /* Note.m */; };
		7E69F1D21BBF5FC000367B0A /* NoteListItem.m in Sources */ = {isa = PBXBuildFile; fileRef = 7E69F1D01BBF5FC000367B0A /* NoteListItem.m */; };
		7EDE4ACE1BBF75EF00A8AA55 /* Model.xcdatamodeld in Sources */ = {isa = PBXBuildFile; fileRef = 7EDE4ACC1BBF75EF00A8AA55 /* Model.xcdatamodeld */; settings = {ASSET_TAGS = (); }; };
		7EDE4AD11BBF795000A8AA55 /* NotesDocument.m in Sources */ = {isa = PBXBuildFile; fileRef = 7EDE4AD01BBF795000A8AA55 /* NotesDocument.m */; settings = {ASSET_TAGS = (); }; };
/* End PBXBuildFile section */

/* Begin PBXFileReference section */
		7E39D4961BC03E4F0033AD75 /* Model 2.xcdatamodel */ = {isa = PBXFileReference; lastKnownFileType = wrapper.xcdatamodel; path = "Model 2.xcdatamodel"; sourceTree = "<group>"; };
		7E69F19B1BBF59D300367B0A /* Notes.app */ = {isa = PBXFileReference; explicitFileType = wrapper.application; includeInIndex = 0; path = Notes.app; sourceTree = BUILT_PRODUCTS_DIR; };
		7E69F19F1BBF59D300367B0A /* Info.plist */ = {isa = PBXFileReference; lastKnownFileType = text.plist.xml; path = Info.plist; sourceTree = "<group>"; };
		7E69F1A01BBF59D300367B0A /* main.m */ = {isa = PBXFileReference; lastKnownFileType = sourcecode.c.objc; path = main.m; sourceTree = "<group>"; };
		7E69F1A21BBF59D300367B0A /* AppDelegate.h */ = {isa = PBXFileReference; lastKnownFileType = sourcecode.c.h; path = AppDelegate.h; sourceTree = "<group>"; };
		7E69F1A31BBF59D300367B0A /* AppDelegate.m */ = {isa = PBXFileReference; lastKnownFileType = sourcecode.c.objc; path = AppDelegate.m; sourceTree = "<group>"; };
		7E69F1A51BBF59D300367B0A /* NoteListViewController.h */ = {isa = PBXFileReference; lastKnownFileType = sourcecode.c.h; path = NoteListViewController.h; sourceTree = "<group>"; };
		7E69F1A61BBF59D300367B0A /* NoteListViewController.m */ = {isa = PBXFileReference; lastKnownFileType = sourcecode.c.objc; path = NoteListViewController.m; sourceTree = "<group>"; };
		7E69F1A91BBF59D300367B0A /* Base */ = {isa = PBXFileReference; lastKnownFileType = file.storyboard; name = Base; path = Base.lproj/Main.storyboard; sourceTree = "<group>"; };
		7E69F1AB1BBF59D300367B0A /* Images.xcassets */ = {isa = PBXFileReference; lastKnownFileType = folder.assetcatalog; path = Images.xcassets; sourceTree = "<group>"; };
		7E69F1AE1BBF59D300367B0A /* Base */ = {isa = PBXFileReference; lastKnownFileType = file.xib; name = Base; path = Base.lproj/LaunchScreen.xib; sourceTree = "<group>"; };
		7E69F1C61BBF5A8800367B0A /* NoteDetailViewController.h */ = {isa = PBXFileReference; fileEncoding = 4; lastKnownFileType = sourcecode.c.h; path = NoteDetailViewController.h; sourceTree = "<group>"; };
		7E69F1C71BBF5A8800367B0A /* NoteDetailViewController.m */ = {isa = PBXFileReference; fileEncoding = 4; lastKnownFileType = sourcecode.c.objc; path = NoteDetailViewController.m; sourceTree = "<group>"; };
		7E69F1CA1BBF5CCD00367B0A /* Note.h */ = {isa = PBXFileReference; fileEncoding = 4; lastKnownFileType = sourcecode.c.h; path = Note.h; sourceTree = "<group>"; };
		7E69F1CB1BBF5CCD00367B0A /* Note.m */ = {isa = PBXFileReference; fileEncoding = 4; lastKnownFileType = sourcecode.c.objc; path = Note.m; sourceTree = "<group>"; };
		7E69F1D01BBF5FC000367B0A /* NoteListItem.m */ = {isa = PBXFileReference; fileEncoding = 4; lastKnownFileType = sourcecode.c.objc; path = NoteListItem.m; sourceTree = "<group>"; };
		7E69F1D11BBF5FC000367B0A /* NoteListItem.h */ = {isa = PBXFileReference; fileEncoding = 4; lastKnownFileType = sourcecode.c.h; path = NoteListItem.h; sourceTree = "<group>"; };
		7EDE4ACD1BBF75EF00A8AA55 /* Model.xcdatamodel */ = {isa = PBXFileReference; lastKnownFileType = wrapper.xcdatamodel; path = Model.xcdatamodel; sourceTree = "<group>"; };
		7EDE4ACF1BBF795000A8AA55 /* NotesDocument.h */ = {isa = PBXFileReference; fileEncoding = 4; lastKnownFileType = sourcecode.c.h; path = NotesDocument.h; sourceTree = "<group>"; };
		7EDE4AD01BBF795000A8AA55 /* NotesDocument.m */ = {isa = PBXFileReference; fileEncoding = 4; lastKnownFileType = sourcecode.c.objc; path = NotesDocument.m; sourceTree = "<group>"; };
/* End PBXFileReference section */

/* Begin PBXFrameworksBuildPhase section */
		7E69F1981BBF59D300367B0A /* Frameworks */ = {
			isa = PBXFrameworksBuildPhase;
			buildActionMask = 2147483647;
			files = (
			);
			runOnlyForDeploymentPostprocessing = 0;
		};
/* End PBXFrameworksBuildPhase section */

/* Begin PBXGroup section */
		7E69F1921BBF59D300367B0A = {
			isa = PBXGroup;
			children = (
				7E69F19D1BBF59D300367B0A /* Notes */,
				7E69F19C1BBF59D300367B0A /* Products */,
			);
			sourceTree = "<group>";
		};
		7E69F19C1BBF59D300367B0A /* Products */ = {
			isa = PBXGroup;
			children = (
				7E69F19B1BBF59D300367B0A /* Notes.app */,
			);
			name = Products;
			sourceTree = "<group>";
		};
		7E69F19D1BBF59D300367B0A /* Notes */ = {
			isa = PBXGroup;
			children = (
				7E69F1A21BBF59D300367B0A /* AppDelegate.h */,
				7E69F1A31BBF59D300367B0A /* AppDelegate.m */,
				7E69F1AB1BBF59D300367B0A /* Images.xcassets */,
				7E69F1AD1BBF59D300367B0A /* LaunchScreen.xib */,
				7E69F1A81BBF59D300367B0A /* Main.storyboard */,
				7E69F1CA1BBF5CCD00367B0A /* Note.h */,
				7E69F1CB1BBF5CCD00367B0A /* Note.m */,
				7E69F1C61BBF5A8800367B0A /* NoteDetailViewController.h */,
				7E69F1C71BBF5A8800367B0A /* NoteDetailViewController.m */,
				7E69F1D11BBF5FC000367B0A /* NoteListItem.h */,
				7E69F1D01BBF5FC000367B0A /* NoteListItem.m */,
				7E69F1A51BBF59D300367B0A /* NoteListViewController.h */,
				7E69F1A61BBF59D300367B0A /* NoteListViewController.m */,
				7EDE4ACF1BBF795000A8AA55 /* NotesDocument.h */,
				7EDE4AD01BBF795000A8AA55 /* NotesDocument.m */,
				7EDE4ACC1BBF75EF00A8AA55 /* Model.xcdatamodeld */,
				7E69F19E1BBF59D300367B0A /* Supporting Files */,
			);
			path = Notes;
			sourceTree = "<group>";
		};
		7E69F19E1BBF59D300367B0A /* Supporting Files */ = {
			isa = PBXGroup;
			children = (
				7E69F19F1BBF59D300367B0A /* Info.plist */,
				7E69F1A01BBF59D300367B0A /* main.m */,
			);
			name = "Supporting Files";
			sourceTree = "<group>";
		};
/* End PBXGroup section */

/* Begin PBXNativeTarget section */
		7E69F19A1BBF59D300367B0A /* Notes */ = {
			isa = PBXNativeTarget;
			buildConfigurationList = 7E69F1BE1BBF59D300367B0A /* Build configuration list for PBXNativeTarget "Notes" */;
			buildPhases = (
				7E69F1971BBF59D300367B0A /* Sources */,
				7E69F1981BBF59D300367B0A /* Frameworks */,
				7E69F1991BBF59D300367B0A /* Resources */,
			);
			buildRules = (
			);
			dependencies = (
			);
			name = Notes;
			productName = Notes;
			productReference = 7E69F19B1BBF59D300367B0A /* Notes.app */;
			productType = "com.apple.product-type.application";
		};
/* End PBXNativeTarget section */

/* Begin PBXProject section */
		7E69F1931BBF59D300367B0A /* Project object */ = {
			isa = PBXProject;
			attributes = {
				LastUpgradeCheck = 0700;
				ORGANIZATIONNAME = "Cameron Spickert";
				TargetAttributes = {
					7E69F19A1BBF59D300367B0A = {
						CreatedOnToolsVersion = 6.4;
					};
				};
			};
			buildConfigurationList = 7E69F1961BBF59D300367B0A /* Build configuration list for PBXProject "Notes" */;
			compatibilityVersion = "Xcode 3.2";
			developmentRegion = English;
			hasScannedForEncodings = 0;
			knownRegions = (
				en,
				Base,
			);
			mainGroup = 7E69F1921BBF59D300367B0A;
			productRefGroup = 7E69F19C1BBF59D300367B0A /* Products */;
			projectDirPath = "";
			projectRoot = "";
			targets = (
				7E69F19A1BBF59D300367B0A /* Notes */,
			);
		};
/* End PBXProject section */

/* Begin PBXResourcesBuildPhase section */
		7E69F1991BBF59D300367B0A /* Resources */ = {
			isa = PBXResourcesBuildPhase;
			buildActionMask = 2147483647;
			files = (
				7E69F1AA1BBF59D300367B0A /* Main.storyboard in Resources */,
				7E69F1AF1BBF59D300367B0A /* LaunchScreen.xib in Resources */,
				7E69F1AC1BBF59D300367B0A /* Images.xcassets in Resources */,
			);
			runOnlyForDeploymentPostprocessing = 0;
		};
/* End PBXResourcesBuildPhase section */

/* Begin PBXSourcesBuildPhase section */
		7E69F1971BBF59D300367B0A /* Sources */ = {
			isa = PBXSourcesBuildPhase;
			buildActionMask = 2147483647;
			files = (
				7E69F1C91BBF5A8800367B0A /* NoteDetailViewController.m in Sources */,
				7E69F1D21BBF5FC000367B0A /* NoteListItem.m in Sources */,
				7EDE4AD11BBF795000A8AA55 /* NotesDocument.m in Sources */,
				7E69F1A71BBF59D300367B0A /* NoteListViewController.m in Sources */,
				7EDE4ACE1BBF75EF00A8AA55 /* Model.xcdatamodeld in Sources */,
				7E69F1A41BBF59D300367B0A /* AppDelegate.m in Sources */,
				7E69F1CC1BBF5CCD00367B0A /* Note.m in Sources */,
				7E69F1A11BBF59D300367B0A /* main.m in Sources */,
			);
			runOnlyForDeploymentPostprocessing = 0;
		};
/* End PBXSourcesBuildPhase section */

/* Begin PBXVariantGroup section */
		7E69F1A81BBF59D300367B0A /* Main.storyboard */ = {
			isa = PBXVariantGroup;
			children = (
				7E69F1A91BBF59D300367B0A /* Base */,
			);
			name = Main.storyboard;
			sourceTree = "<group>";
		};
		7E69F1AD1BBF59D300367B0A /* LaunchScreen.xib */ = {
			isa = PBXVariantGroup;
			children = (
				7E69F1AE1BBF59D300367B0A /* Base */,
			);
			name = LaunchScreen.xib;
			sourceTree = "<group>";
		};
/* End PBXVariantGroup section */

/* Begin XCBuildConfiguration section */
		7E69F1BC1BBF59D300367B0A /* Debug */ = {
			isa = XCBuildConfiguration;
			buildSettings = {
				ALWAYS_SEARCH_USER_PATHS = NO;
				CLANG_CXX_LANGUAGE_STANDARD = "gnu++0x";
				CLANG_CXX_LIBRARY = "libc++";
				CLANG_ENABLE_MODULES = YES;
				CLANG_ENABLE_OBJC_ARC = YES;
				CLANG_WARN_BOOL_CONVERSION = YES;
				CLANG_WARN_CONSTANT_CONVERSION = YES;
				CLANG_WARN_DIRECT_OBJC_ISA_USAGE = YES_ERROR;
				CLANG_WARN_EMPTY_BODY = YES;
				CLANG_WARN_ENUM_CONVERSION = YES;
				CLANG_WARN_INT_CONVERSION = YES;
				CLANG_WARN_OBJC_ROOT_CLASS = YES_ERROR;
				CLANG_WARN_UNREACHABLE_CODE = YES;
				CLANG_WARN__DUPLICATE_METHOD_MATCH = YES;
				"CODE_SIGN_IDENTITY[sdk=iphoneos*]" = "iPhone Developer";
				COPY_PHASE_STRIP = NO;
				DEBUG_INFORMATION_FORMAT = "dwarf-with-dsym";
				ENABLE_STRICT_OBJC_MSGSEND = YES;
				ENABLE_TESTABILITY = YES;
				GCC_C_LANGUAGE_STANDARD = gnu99;
				GCC_DYNAMIC_NO_PIC = NO;
				GCC_NO_COMMON_BLOCKS = YES;
				GCC_OPTIMIZATION_LEVEL = 0;
				GCC_PREPROCESSOR_DEFINITIONS = (
					"DEBUG=1",
					"$(inherited)",
				);
				GCC_SYMBOLS_PRIVATE_EXTERN = NO;
				GCC_WARN_64_TO_32_BIT_CONVERSION = YES;
				GCC_WARN_ABOUT_RETURN_TYPE = YES_ERROR;
				GCC_WARN_UNDECLARED_SELECTOR = YES;
				GCC_WARN_UNINITIALIZED_AUTOS = YES_AGGRESSIVE;
				GCC_WARN_UNUSED_FUNCTION = YES;
				GCC_WARN_UNUSED_VARIABLE = YES;
				IPHONEOS_DEPLOYMENT_TARGET = 8.4;
				MTL_ENABLE_DEBUG_INFO = YES;
				ONLY_ACTIVE_ARCH = YES;
				SDKROOT = iphoneos;
			};
			name = Debug;
		};
		7E69F1BD1BBF59D300367B0A /* Release */ = {
			isa = XCBuildConfiguration;
			buildSettings = {
				ALWAYS_SEARCH_USER_PATHS = NO;
				CLANG_CXX_LANGUAGE_STANDARD = "gnu++0x";
				CLANG_CXX_LIBRARY = "libc++";
				CLANG_ENABLE_MODULES = YES;
				CLANG_ENABLE_OBJC_ARC = YES;
				CLANG_WARN_BOOL_CONVERSION = YES;
				CLANG_WARN_CONSTANT_CONVERSION = YES;
				CLANG_WARN_DIRECT_OBJC_ISA_USAGE = YES_ERROR;
				CLANG_WARN_EMPTY_BODY = YES;
				CLANG_WARN_ENUM_CONVERSION = YES;
				CLANG_WARN_INT_CONVERSION = YES;
				CLANG_WARN_OBJC_ROOT_CLASS = YES_ERROR;
				CLANG_WARN_UNREACHABLE_CODE = YES;
				CLANG_WARN__DUPLICATE_METHOD_MATCH = YES;
				"CODE_SIGN_IDENTITY[sdk=iphoneos*]" = "iPhone Developer";
				COPY_PHASE_STRIP = NO;
				DEBUG_INFORMATION_FORMAT = "dwarf-with-dsym";
				ENABLE_NS_ASSERTIONS = NO;
				ENABLE_STRICT_OBJC_MSGSEND = YES;
				GCC_C_LANGUAGE_STANDARD = gnu99;
				GCC_NO_COMMON_BLOCKS = YES;
				GCC_WARN_64_TO_32_BIT_CONVERSION = YES;
				GCC_WARN_ABOUT_RETURN_TYPE = YES_ERROR;
				GCC_WARN_UNDECLARED_SELECTOR = YES;
				GCC_WARN_UNINITIALIZED_AUTOS = YES_AGGRESSIVE;
				GCC_WARN_UNUSED_FUNCTION = YES;
				GCC_WARN_UNUSED_VARIABLE = YES;
				IPHONEOS_DEPLOYMENT_TARGET = 8.4;
				MTL_ENABLE_DEBUG_INFO = NO;
				SDKROOT = iphoneos;
				VALIDATE_PRODUCT = YES;
			};
			name = Release;
		};
		7E69F1BF1BBF59D300367B0A /* Debug */ = {
			isa = XCBuildConfiguration;
			buildSettings = {
				ASSETCATALOG_COMPILER_APPICON_NAME = AppIcon;
				INFOPLIST_FILE = Notes/Info.plist;
				LD_RUNPATH_SEARCH_PATHS = "$(inherited) @executable_path/Frameworks";
				PRODUCT_BUNDLE_IDENTIFIER = "com.cameronspickert.$(PRODUCT_NAME:rfc1034identifier)";
				PRODUCT_NAME = "$(TARGET_NAME)";
			};
			name = Debug;
		};
		7E69F1C01BBF59D300367B0A /* Release */ = {
			isa = XCBuildConfiguration;
			buildSettings = {
				ASSETCATALOG_COMPILER_APPICON_NAME = AppIcon;
				INFOPLIST_FILE = Notes/Info.plist;
				LD_RUNPATH_SEARCH_PATHS = "$(inherited) @executable_path/Frameworks";
				PRODUCT_BUNDLE_IDENTIFIER = "com.cameronspickert.$(PRODUCT_NAME:rfc1034identifier)";
				PRODUCT_NAME = "$(TARGET_NAME)";
			};
			name = Release;
		};
/* End XCBuildConfiguration section */

/* Begin XCConfigurationList section */
		7E69F1961BBF59D300367B0A /* Build configuration list for PBXProject "Notes" */ = {
			isa = XCConfigurationList;
			buildConfigurations = (
				7E69F1BC1BBF59D300367B0A /* Debug */,
				7E69F1BD1BBF59D300367B0A /* Release */,
			);
			defaultConfigurationIsVisible = 0;
			defaultConfigurationName = Release;
		};
		7E69F1BE1BBF59D300367B0A /* Build configuration list for PBXNativeTarget "Notes" */ = {
			isa = XCConfigurationList;
			buildConfigurations = (
				7E69F1BF1BBF59D300367B0A /* Debug */,
				7E69F1C01BBF59D300367B0A /* Release */,
			);
			defaultConfigurationIsVisible = 0;
			defaultConfigurationName = Release;
		};
/* End XCConfigurationList section */

/* Begin XCVersionGroup section */
		7EDE4ACC1BBF75EF00A8AA55 /* Model.xcdatamodeld */ = {
			isa = XCVersionGroup;
			children = (
				7E39D4961BC03E4F0033AD75 /* Model 2.xcdatamodel */,
				7EDE4ACD1BBF75EF00A8AA55 /* Model.xcdatamodel */,
			);
			currentVersion = 7E39D4961BC03E4F0033AD75 /* Model 2.xcdatamodel */;
			path = Model.xcdatamodeld;
			sourceTree = "<group>";
			versionGroupType = wrapper.xcdatamodel;
		};
/* End XCVersionGroup section */
	};
	rootObject = 7E69F1931BBF59D300367B0A /* Project object */;
}
